
Microsoft Visual Studio Solution File, Format Version 12.00
Project("{FAE04EC0-301F-11D3-BF4B-00C04F79EFBC}") = "Proiect1_TehnSim", "Proiect1_TehnSim\Proiect1_TehnSim.csproj", "{0647C733-D97B-4059-A882-29AA04BFD7BC}"
EndProject
Global
	GlobalSection(SolutionConfigurationPlatforms) = preSolution
		Debug|Any CPU = Debug|Any CPU
		Release|Any CPU = Release|Any CPU
	EndGlobalSection
	GlobalSection(ProjectConfigurationPlatforms) = postSolution
		{0647C733-D97B-4059-A882-29AA04BFD7BC}.Debug|Any CPU.ActiveCfg = Debug|Any CPU
		{0647C733-D97B-4059-A882-29AA04BFD7BC}.Debug|Any CPU.Build.0 = Debug|Any CPU
		{0647C733-D97B-4059-A882-29AA04BFD7BC}.Release|Any CPU.ActiveCfg = Release|Any CPU
		{0647C733-D97B-4059-A882-29AA04BFD7BC}.Release|Any CPU.Build.0 = Release|Any CPU
	EndGlobalSection
EndGlobal
